
Microsoft Visual Studio Solution File, Format Version 12.00
# Visual Studio 14
VisualStudioVersion = 14.0.25420.1
MinimumVisualStudioVersion = 10.0.40219.1
Project("{FAE04EC0-301F-11D3-BF4B-00C04F79EFBC}") = "CircularButtonDemo.Droid", "CircularButtonDemo\CircularButtonDemo.Droid\CircularButtonDemo.Droid.csproj", "{EAD8B9BF-54C6-4CAC-B22D-E6B5A881CFF0}"
EndProject
Project("{FAE04EC0-301F-11D3-BF4B-00C04F79EFBC}") = "CircularButtonDemo.iOS", "CircularButtonDemo\CircularButtonDemo.iOS\CircularButtonDemo.iOS.csproj", "{8B2557EB-FED3-4F85-99C6-FDBD8FC6B496}"
EndProject
Project("{FAE04EC0-301F-11D3-BF4B-00C04F79EFBC}") = "CircularButtonDemo.UWP", "CircularButtonDemo\CircularButtonDemo.UWP\CircularButtonDemo.UWP.csproj", "{7D6E3B0A-2342-494A-96AC-C6E9C390C9DC}"
EndProject
Project("{FAE04EC0-301F-11D3-BF4B-00C04F79EFBC}") = "CircularButtonDemo", "CircularButtonDemo\CircularButtonDemo\CircularButtonDemo.csproj", "{8B2C91AE-8D62-47B5-898B-914D4AD158AF}"
EndProject
Global
	GlobalSection(SolutionConfigurationPlatforms) = preSolution
		Ad-Hoc|Any CPU = Ad-Hoc|Any CPU
		Ad-Hoc|ARM = Ad-Hoc|ARM
		Ad-Hoc|iPhone = Ad-Hoc|iPhone
		Ad-Hoc|iPhoneSimulator = Ad-Hoc|iPhoneSimulator
		Ad-Hoc|x64 = Ad-Hoc|x64
		Ad-Hoc|x86 = Ad-Hoc|x86
		AppStore|Any CPU = AppStore|Any CPU
		AppStore|ARM = AppStore|ARM
		AppStore|iPhone = AppStore|iPhone
		AppStore|iPhoneSimulator = AppStore|iPhoneSimulator
		AppStore|x64 = AppStore|x64
		AppStore|x86 = AppStore|x86
		Debug|Any CPU = Debug|Any CPU
		Debug|ARM = Debug|ARM
		Debug|iPhone = Debug|iPhone
		Debug|iPhoneSimulator = Debug|iPhoneSimulator
		Debug|x64 = Debug|x64
		Debug|x86 = Debug|x86
		Release|Any CPU = Release|Any CPU
		Release|ARM = Release|ARM
		Release|iPhone = Release|iPhone
		Release|iPhoneSimulator = Release|iPhoneSimulator
		Release|x64 = Release|x64
		Release|x86 = Release|x86
	EndGlobalSection
	GlobalSection(ProjectConfigurationPlatforms) = postSolution
		{EAD8B9BF-54C6-4CAC-B22D-E6B5A881CFF0}.Ad-Hoc|Any CPU.ActiveCfg = Release|Any CPU
		{EAD8B9BF-54C6-4CAC-B22D-E6B5A881CFF0}.Ad-Hoc|Any CPU.Build.0 = Release|Any CPU
		{EAD8B9BF-54C6-4CAC-B22D-E6B5A881CFF0}.Ad-Hoc|Any CPU.Deploy.0 = Release|Any CPU
		{EAD8B9BF-54C6-4CAC-B22D-E6B5A881CFF0}.Ad-Hoc|ARM.ActiveCfg = Release|Any CPU
		{EAD8B9BF-54C6-4CAC-B22D-E6B5A881CFF0}.Ad-Hoc|ARM.Build.0 = Release|Any CPU
		{EAD8B9BF-54C6-4CAC-B22D-E6B5A881CFF0}.Ad-Hoc|ARM.Deploy.0 = Release|Any CPU
		{EAD8B9BF-54C6-4CAC-B22D-E6B5A881CFF0}.Ad-Hoc|iPhone.ActiveCfg = Release|Any CPU
		{EAD8B9BF-54C6-4CAC-B22D-E6B5A881CFF0}.Ad-Hoc|iPhone.Build.0 = Release|Any CPU
		{EAD8B9BF-54C6-4CAC-B22D-E6B5A881CFF0}.Ad-Hoc|iPhone.Deploy.0 = Release|Any CPU
		{EAD8B9BF-54C6-4CAC-B22D-E6B5A881CFF0}.Ad-Hoc|iPhoneSimulator.ActiveCfg = Release|Any CPU
		{EAD8B9BF-54C6-4CAC-B22D-E6B5A881CFF0}.Ad-Hoc|iPhoneSimulator.Build.0 = Release|Any CPU
		{EAD8B9BF-54C6-4CAC-B22D-E6B5A881CFF0}.Ad-Hoc|iPhoneSimulator.Deploy.0 = Release|Any CPU
		{EAD8B9BF-54C6-4CAC-B22D-E6B5A881CFF0}.Ad-Hoc|x64.ActiveCfg = Release|Any CPU
		{EAD8B9BF-54C6-4CAC-B22D-E6B5A881CFF0}.Ad-Hoc|x64.Build.0 = Release|Any CPU
		{EAD8B9BF-54C6-4CAC-B22D-E6B5A881CFF0}.Ad-Hoc|x64.Deploy.0 = Release|Any CPU
		{EAD8B9BF-54C6-4CAC-B22D-E6B5A881CFF0}.Ad-Hoc|x86.ActiveCfg = Release|Any CPU
		{EAD8B9BF-54C6-4CAC-B22D-E6B5A881CFF0}.Ad-Hoc|x86.Build.0 = Release|Any CPU
		{EAD8B9BF-54C6-4CAC-B22D-E6B5A881CFF0}.Ad-Hoc|x86.Deploy.0 = Release|Any CPU
		{EAD8B9BF-54C6-4CAC-B22D-E6B5A881CFF0}.AppStore|Any CPU.ActiveCfg = Release|Any CPU
		{EAD8B9BF-54C6-4CAC-B22D-E6B5A881CFF0}.AppStore|Any CPU.Build.0 = Release|Any CPU
		{EAD8B9BF-54C6-4CAC-B22D-E6B5A881CFF0}.AppStore|Any CPU.Deploy.0 = Release|Any CPU
		{EAD8B9BF-54C6-4CAC-B22D-E6B5A881CFF0}.AppStore|ARM.ActiveCfg = Release|Any CPU
		{EAD8B9BF-54C6-4CAC-B22D-E6B5A881CFF0}.AppStore|ARM.Build.0 = Release|Any CPU
		{EAD8B9BF-54C6-4CAC-B22D-E6B5A881CFF0}.AppStore|ARM.Deploy.0 = Release|Any CPU
		{EAD8B9BF-54C6-4CAC-B22D-E6B5A881CFF0}.AppStore|iPhone.ActiveCfg = Release|Any CPU
		{EAD8B9BF-54C6-4CAC-B22D-E6B5A881CFF0}.AppStore|iPhone.Build.0 = Release|Any CPU
		{EAD8B9BF-54C6-4CAC-B22D-E6B5A881CFF0}.AppStore|iPhone.Deploy.0 = Release|Any CPU
		{EAD8B9BF-54C6-4CAC-B22D-E6B5A881CFF0}.AppStore|iPhoneSimulator.ActiveCfg = Release|Any CPU
		{EAD8B9BF-54C6-4CAC-B22D-E6B5A881CFF0}.AppStore|iPhoneSimulator.Build.0 = Release|Any CPU
		{EAD8B9BF-54C6-4CAC-B22D-E6B5A881CFF0}.AppStore|iPhoneSimulator.Deploy.0 = Release|Any CPU
		{EAD8B9BF-54C6-4CAC-B22D-E6B5A881CFF0}.AppStore|x64.ActiveCfg = Release|Any CPU
		{EAD8B9BF-54C6-4CAC-B22D-E6B5A881CFF0}.AppStore|x64.Build.0 = Release|Any CPU
		{EAD8B9BF-54C6-4CAC-B22D-E6B5A881CFF0}.AppStore|x64.Deploy.0 = Release|Any CPU
		{EAD8B9BF-54C6-4CAC-B22D-E6B5A881CFF0}.AppStore|x86.ActiveCfg = Release|Any CPU
		{EAD8B9BF-54C6-4CAC-B22D-E6B5A881CFF0}.AppStore|x86.Build.0 = Release|Any CPU
		{EAD8B9BF-54C6-4CAC-B22D-E6B5A881CFF0}.AppStore|x86.Deploy.0 = Release|Any CPU
		{EAD8B9BF-54C6-4CAC-B22D-E6B5A881CFF0}.Debug|Any CPU.ActiveCfg = Debug|Any CPU
		{EAD8B9BF-54C6-4CAC-B22D-E6B5A881CFF0}.Debug|Any CPU.Build.0 = Debug|Any CPU
		{EAD8B9BF-54C6-4CAC-B22D-E6B5A881CFF0}.Debug|Any CPU.Deploy.0 = Debug|Any CPU
		{EAD8B9BF-54C6-4CAC-B22D-E6B5A881CFF0}.Debug|ARM.ActiveCfg = Debug|Any CPU
		{EAD8B9BF-54C6-4CAC-B22D-E6B5A881CFF0}.Debug|ARM.Build.0 = Debug|Any CPU
		{EAD8B9BF-54C6-4CAC-B22D-E6B5A881CFF0}.Debug|ARM.Deploy.0 = Debug|Any CPU
		{EAD8B9BF-54C6-4CAC-B22D-E6B5A881CFF0}.Debug|iPhone.ActiveCfg = Debug|Any CPU
		{EAD8B9BF-54C6-4CAC-B22D-E6B5A881CFF0}.Debug|iPhone.Build.0 = Debug|Any CPU
		{EAD8B9BF-54C6-4CAC-B22D-E6B5A881CFF0}.Debug|iPhone.Deploy.0 = Debug|Any CPU
		{EAD8B9BF-54C6-4CAC-B22D-E6B5A881CFF0}.Debug|iPhoneSimulator.ActiveCfg = Debug|Any CPU
		{EAD8B9BF-54C6-4CAC-B22D-E6B5A881CFF0}.Debug|iPhoneSimulator.Build.0 = Debug|Any CPU
		{EAD8B9BF-54C6-4CAC-B22D-E6B5A881CFF0}.Debug|iPhoneSimulator.Deploy.0 = Debug|Any CPU
		{EAD8B9BF-54C6-4CAC-B22D-E6B5A881CFF0}.Debug|x64.ActiveCfg = Debug|Any CPU
		{EAD8B9BF-54C6-4CAC-B22D-E6B5A881CFF0}.Debug|x64.Build.0 = Debug|Any CPU
		{EAD8B9BF-54C6-4CAC-B22D-E6B5A881CFF0}.Debug|x64.Deploy.0 = Debug|Any CPU
		{EAD8B9BF-54C6-4CAC-B22D-E6B5A881CFF0}.Debug|x86.ActiveCfg = Debug|Any CPU
		{EAD8B9BF-54C6-4CAC-B22D-E6B5A881CFF0}.Debug|x86.Build.0 = Debug|Any CPU
		{EAD8B9BF-54C6-4CAC-B22D-E6B5A881CFF0}.Debug|x86.Deploy.0 = Debug|Any CPU
		{EAD8B9BF-54C6-4CAC-B22D-E6B5A881CFF0}.Release|Any CPU.ActiveCfg = Release|Any CPU
		{EAD8B9BF-54C6-4CAC-B22D-E6B5A881CFF0}.Release|Any CPU.Build.0 = Release|Any CPU
		{EAD8B9BF-54C6-4CAC-B22D-E6B5A881CFF0}.Release|Any CPU.Deploy.0 = Release|Any CPU
		{EAD8B9BF-54C6-4CAC-B22D-E6B5A881CFF0}.Release|ARM.ActiveCfg = Release|Any CPU
		{EAD8B9BF-54C6-4CAC-B22D-E6B5A881CFF0}.Release|ARM.Build.0 = Release|Any CPU
		{EAD8B9BF-54C6-4CAC-B22D-E6B5A881CFF0}.Release|ARM.Deploy.0 = Release|Any CPU
		{EAD8B9BF-54C6-4CAC-B22D-E6B5A881CFF0}.Release|iPhone.ActiveCfg = Release|Any CPU
		{EAD8B9BF-54C6-4CAC-B22D-E6B5A881CFF0}.Release|iPhone.Build.0 = Release|Any CPU
		{EAD8B9BF-54C6-4CAC-B22D-E6B5A881CFF0}.Release|iPhone.Deploy.0 = Release|Any CPU
		{EAD8B9BF-54C6-4CAC-B22D-E6B5A881CFF0}.Release|iPhoneSimulator.ActiveCfg = Release|Any CPU
		{EAD8B9BF-54C6-4CAC-B22D-E6B5A881CFF0}.Release|iPhoneSimulator.Build.0 = Release|Any CPU
		{EAD8B9BF-54C6-4CAC-B22D-E6B5A881CFF0}.Release|iPhoneSimulator.Deploy.0 = Release|Any CPU
		{EAD8B9BF-54C6-4CAC-B22D-E6B5A881CFF0}.Release|x64.ActiveCfg = Release|Any CPU
		{EAD8B9BF-54C6-4CAC-B22D-E6B5A881CFF0}.Release|x64.Build.0 = Release|Any CPU
		{EAD8B9BF-54C6-4CAC-B22D-E6B5A881CFF0}.Release|x64.Deploy.0 = Release|Any CPU
		{EAD8B9BF-54C6-4CAC-B22D-E6B5A881CFF0}.Release|x86.ActiveCfg = Release|Any CPU
		{EAD8B9BF-54C6-4CAC-B22D-E6B5A881CFF0}.Release|x86.Build.0 = Release|Any CPU
		{EAD8B9BF-54C6-4CAC-B22D-E6B5A881CFF0}.Release|x86.Deploy.0 = Release|Any CPU
		{8B2557EB-FED3-4F85-99C6-FDBD8FC6B496}.Ad-Hoc|Any CPU.ActiveCfg = Ad-Hoc|iPhone
		{8B2557EB-FED3-4F85-99C6-FDBD8FC6B496}.Ad-Hoc|ARM.ActiveCfg = Ad-Hoc|iPhone
		{8B2557EB-FED3-4F85-99C6-FDBD8FC6B496}.Ad-Hoc|iPhone.ActiveCfg = Ad-Hoc|iPhone
		{8B2557EB-FED3-4F85-99C6-FDBD8FC6B496}.Ad-Hoc|iPhone.Build.0 = Ad-Hoc|iPhone
		{8B2557EB-FED3-4F85-99C6-FDBD8FC6B496}.Ad-Hoc|iPhoneSimulator.ActiveCfg = Ad-Hoc|iPhoneSimulator
		{8B2557EB-FED3-4F85-99C6-FDBD8FC6B496}.Ad-Hoc|iPhoneSimulator.Build.0 = Ad-Hoc|iPhoneSimulator
		{8B2557EB-FED3-4F85-99C6-FDBD8FC6B496}.Ad-Hoc|x64.ActiveCfg = Ad-Hoc|iPhone
		{8B2557EB-FED3-4F85-99C6-FDBD8FC6B496}.Ad-Hoc|x86.ActiveCfg = Ad-Hoc|iPhone
		{8B2557EB-FED3-4F85-99C6-FDBD8FC6B496}.AppStore|Any CPU.ActiveCfg = AppStore|iPhone
		{8B2557EB-FED3-4F85-99C6-FDBD8FC6B496}.AppStore|ARM.ActiveCfg = AppStore|iPhone
		{8B2557EB-FED3-4F85-99C6-FDBD8FC6B496}.AppStore|iPhone.ActiveCfg = AppStore|iPhone
		{8B2557EB-FED3-4F85-99C6-FDBD8FC6B496}.AppStore|iPhone.Build.0 = AppStore|iPhone
		{8B2557EB-FED3-4F85-99C6-FDBD8FC6B496}.AppStore|iPhoneSimulator.ActiveCfg = AppStore|iPhoneSimulator
		{8B2557EB-FED3-4F85-99C6-FDBD8FC6B496}.AppStore|iPhoneSimulator.Build.0 = AppStore|iPhoneSimulator
		{8B2557EB-FED3-4F85-99C6-FDBD8FC6B496}.AppStore|x64.ActiveCfg = AppStore|iPhone
		{8B2557EB-FED3-4F85-99C6-FDBD8FC6B496}.AppStore|x86.ActiveCfg = AppStore|iPhone
		{8B2557EB-FED3-4F85-99C6-FDBD8FC6B496}.Debug|Any CPU.ActiveCfg = Debug|iPhone
		{8B2557EB-FED3-4F85-99C6-FDBD8FC6B496}.Debug|ARM.ActiveCfg = Debug|iPhone
		{8B2557EB-FED3-4F85-99C6-FDBD8FC6B496}.Debug|iPhone.ActiveCfg = Debug|iPhone
		{8B2557EB-FED3-4F85-99C6-FDBD8FC6B496}.Debug|iPhone.Build.0 = Debug|iPhone
		{8B2557EB-FED3-4F85-99C6-FDBD8FC6B496}.Debug|iPhoneSimulator.ActiveCfg = Debug|iPhoneSimulator
		{8B2557EB-FED3-4F85-99C6-FDBD8FC6B496}.Debug|iPhoneSimulator.Build.0 = Debug|iPhoneSimulator
		{8B2557EB-FED3-4F85-99C6-FDBD8FC6B496}.Debug|x64.ActiveCfg = Debug|iPhone
		{8B2557EB-FED3-4F85-99C6-FDBD8FC6B496}.Debug|x86.ActiveCfg = Debug|iPhone
		{8B2557EB-FED3-4F85-99C6-FDBD8FC6B496}.Release|Any CPU.ActiveCfg = Release|iPhone
		{8B2557EB-FED3-4F85-99C6-FDBD8FC6B496}.Release|ARM.ActiveCfg = Release|iPhone
		{8B2557EB-FED3-4F85-99C6-FDBD8FC6B496}.Release|iPhone.ActiveCfg = Release|iPhone
		{8B2557EB-FED3-4F85-99C6-FDBD8FC6B496}.Release|iPhone.Build.0 = Release|iPhone
		{8B2557EB-FED3-4F85-99C6-FDBD8FC6B496}.Release|iPhoneSimulator.ActiveCfg = Release|iPhoneSimulator
		{8B2557EB-FED3-4F85-99C6-FDBD8FC6B496}.Release|iPhoneSimulator.Build.0 = Release|iPhoneSimulator
		{8B2557EB-FED3-4F85-99C6-FDBD8FC6B496}.Release|x64.ActiveCfg = Release|iPhone
		{8B2557EB-FED3-4F85-99C6-FDBD8FC6B496}.Release|x86.ActiveCfg = Release|iPhone
		{7D6E3B0A-2342-494A-96AC-C6E9C390C9DC}.Ad-Hoc|Any CPU.ActiveCfg = Release|x86
		{7D6E3B0A-2342-494A-96AC-C6E9C390C9DC}.Ad-Hoc|Any CPU.Build.0 = Release|x86
		{7D6E3B0A-2342-494A-96AC-C6E9C390C9DC}.Ad-Hoc|Any CPU.Deploy.0 = Release|x86
		{7D6E3B0A-2342-494A-96AC-C6E9C390C9DC}.Ad-Hoc|ARM.ActiveCfg = Release|ARM
		{7D6E3B0A-2342-494A-96AC-C6E9C390C9DC}.Ad-Hoc|ARM.Build.0 = Release|ARM
		{7D6E3B0A-2342-494A-96AC-C6E9C390C9DC}.Ad-Hoc|ARM.Deploy.0 = Release|ARM
		{7D6E3B0A-2342-494A-96AC-C6E9C390C9DC}.Ad-Hoc|iPhone.ActiveCfg = Release|x86
		{7D6E3B0A-2342-494A-96AC-C6E9C390C9DC}.Ad-Hoc|iPhone.Build.0 = Release|x86
		{7D6E3B0A-2342-494A-96AC-C6E9C390C9DC}.Ad-Hoc|iPhone.Deploy.0 = Release|x86
		{7D6E3B0A-2342-494A-96AC-C6E9C390C9DC}.Ad-Hoc|iPhoneSimulator.ActiveCfg = Release|x86
		{7D6E3B0A-2342-494A-96AC-C6E9C390C9DC}.Ad-Hoc|iPhoneSimulator.Build.0 = Release|x86
		{7D6E3B0A-2342-494A-96AC-C6E9C390C9DC}.Ad-Hoc|iPhoneSimulator.Deploy.0 = Release|x86
		{7D6E3B0A-2342-494A-96AC-C6E9C390C9DC}.Ad-Hoc|x64.ActiveCfg = Release|x64
		{7D6E3B0A-2342-494A-96AC-C6E9C390C9DC}.Ad-Hoc|x64.Build.0 = Release|x64
		{7D6E3B0A-2342-494A-96AC-C6E9C390C9DC}.Ad-Hoc|x64.Deploy.0 = Release|x64
		{7D6E3B0A-2342-494A-96AC-C6E9C390C9DC}.Ad-Hoc|x86.ActiveCfg = Release|x86
		{7D6E3B0A-2342-494A-96AC-C6E9C390C9DC}.Ad-Hoc|x86.Build.0 = Release|x86
		{7D6E3B0A-2342-494A-96AC-C6E9C390C9DC}.Ad-Hoc|x86.Deploy.0 = Release|x86
		{7D6E3B0A-2342-494A-96AC-C6E9C390C9DC}.AppStore|Any CPU.ActiveCfg = Release|x86
		{7D6E3B0A-2342-494A-96AC-C6E9C390C9DC}.AppStore|Any CPU.Build.0 = Release|x86
		{7D6E3B0A-2342-494A-96AC-C6E9C390C9DC}.AppStore|Any CPU.Deploy.0 = Release|x86
		{7D6E3B0A-2342-494A-96AC-C6E9C390C9DC}.AppStore|ARM.ActiveCfg = Release|ARM
		{7D6E3B0A-2342-494A-96AC-C6E9C390C9DC}.AppStore|ARM.Build.0 = Release|ARM
		{7D6E3B0A-2342-494A-96AC-C6E9C390C9DC}.AppStore|ARM.Deploy.0 = Release|ARM
		{7D6E3B0A-2342-494A-96AC-C6E9C390C9DC}.AppStore|iPhone.ActiveCfg = Release|x86
		{7D6E3B0A-2342-494A-96AC-C6E9C390C9DC}.AppStore|iPhone.Build.0 = Release|x86
		{7D6E3B0A-2342-494A-96AC-C6E9C390C9DC}.AppStore|iPhone.Deploy.0 = Release|x86
		{7D6E3B0A-2342-494A-96AC-C6E9C390C9DC}.AppStore|iPhoneSimulator.ActiveCfg = Release|x86
		{7D6E3B0A-2342-494A-96AC-C6E9C390C9DC}.AppStore|iPhoneSimulator.Build.0 = Release|x86
		{7D6E3B0A-2342-494A-96AC-C6E9C390C9DC}.AppStore|iPhoneSimulator.Deploy.0 = Release|x86
		{7D6E3B0A-2342-494A-96AC-C6E9C390C9DC}.AppStore|x64.ActiveCfg = Release|x64
		{7D6E3B0A-2342-494A-96AC-C6E9C390C9DC}.AppStore|x64.Build.0 = Release|x64
		{7D6E3B0A-2342-494A-96AC-C6E9C390C9DC}.AppStore|x64.Deploy.0 = Release|x64
		{7D6E3B0A-2342-494A-96AC-C6E9C390C9DC}.AppStore|x86.ActiveCfg = Release|x86
		{7D6E3B0A-2342-494A-96AC-C6E9C390C9DC}.AppStore|x86.Build.0 = Release|x86
		{7D6E3B0A-2342-494A-96AC-C6E9C390C9DC}.AppStore|x86.Deploy.0 = Release|x86
		{7D6E3B0A-2342-494A-96AC-C6E9C390C9DC}.Debug|Any CPU.ActiveCfg = Debug|x86
		{7D6E3B0A-2342-494A-96AC-C6E9C390C9DC}.Debug|ARM.ActiveCfg = Debug|ARM
		{7D6E3B0A-2342-494A-96AC-C6E9C390C9DC}.Debug|ARM.Build.0 = Debug|ARM
		{7D6E3B0A-2342-494A-96AC-C6E9C390C9DC}.Debug|ARM.Deploy.0 = Debug|ARM
		{7D6E3B0A-2342-494A-96AC-C6E9C390C9DC}.Debug|iPhone.ActiveCfg = Debug|x86
		{7D6E3B0A-2342-494A-96AC-C6E9C390C9DC}.Debug|iPhoneSimulator.ActiveCfg = Debug|x86
		{7D6E3B0A-2342-494A-96AC-C6E9C390C9DC}.Debug|x64.ActiveCfg = Debug|x64
		{7D6E3B0A-2342-494A-96AC-C6E9C390C9DC}.Debug|x64.Build.0 = Debug|x64
		{7D6E3B0A-2342-494A-96AC-C6E9C390C9DC}.Debug|x64.Deploy.0 = Debug|x64
		{7D6E3B0A-2342-494A-96AC-C6E9C390C9DC}.Debug|x86.ActiveCfg = Debug|x86
		{7D6E3B0A-2342-494A-96AC-C6E9C390C9DC}.Debug|x86.Build.0 = Debug|x86
		{7D6E3B0A-2342-494A-96AC-C6E9C390C9DC}.Debug|x86.Deploy.0 = Debug|x86
		{7D6E3B0A-2342-494A-96AC-C6E9C390C9DC}.Release|Any CPU.ActiveCfg = Release|x86
		{7D6E3B0A-2342-494A-96AC-C6E9C390C9DC}.Release|ARM.ActiveCfg = Release|ARM
		{7D6E3B0A-2342-494A-96AC-C6E9C390C9DC}.Release|ARM.Build.0 = Release|ARM
		{7D6E3B0A-2342-494A-96AC-C6E9C390C9DC}.Release|ARM.Deploy.0 = Release|ARM
		{7D6E3B0A-2342-494A-96AC-C6E9C390C9DC}.Release|iPhone.ActiveCfg = Release|x86
		{7D6E3B0A-2342-494A-96AC-C6E9C390C9DC}.Release|iPhoneSimulator.ActiveCfg = Release|x86
		{7D6E3B0A-2342-494A-96AC-C6E9C390C9DC}.Release|x64.ActiveCfg = Release|x64
		{7D6E3B0A-2342-494A-96AC-C6E9C390C9DC}.Release|x64.Build.0 = Release|x64
		{7D6E3B0A-2342-494A-96AC-C6E9C390C9DC}.Release|x64.Deploy.0 = Release|x64
		{7D6E3B0A-2342-494A-96AC-C6E9C390C9DC}.Release|x86.ActiveCfg = Release|x86
		{7D6E3B0A-2342-494A-96AC-C6E9C390C9DC}.Release|x86.Build.0 = Release|x86
		{7D6E3B0A-2342-494A-96AC-C6E9C390C9DC}.Release|x86.Deploy.0 = Release|x86
		{8B2C91AE-8D62-47B5-898B-914D4AD158AF}.Ad-Hoc|Any CPU.ActiveCfg = Release|Any CPU
		{8B2C91AE-8D62-47B5-898B-914D4AD158AF}.Ad-Hoc|Any CPU.Build.0 = Release|Any CPU
		{8B2C91AE-8D62-47B5-898B-914D4AD158AF}.Ad-Hoc|ARM.ActiveCfg = Release|Any CPU
		{8B2C91AE-8D62-47B5-898B-914D4AD158AF}.Ad-Hoc|ARM.Build.0 = Release|Any CPU
		{8B2C91AE-8D62-47B5-898B-914D4AD158AF}.Ad-Hoc|iPhone.ActiveCfg = Release|Any CPU
		{8B2C91AE-8D62-47B5-898B-914D4AD158AF}.Ad-Hoc|iPhone.Build.0 = Release|Any CPU
		{8B2C91AE-8D62-47B5-898B-914D4AD158AF}.Ad-Hoc|iPhoneSimulator.ActiveCfg = Release|Any CPU
		{8B2C91AE-8D62-47B5-898B-914D4AD158AF}.Ad-Hoc|iPhoneSimulator.Build.0 = Release|Any CPU
		{8B2C91AE-8D62-47B5-898B-914D4AD158AF}.Ad-Hoc|x64.ActiveCfg = Release|Any CPU
		{8B2C91AE-8D62-47B5-898B-914D4AD158AF}.Ad-Hoc|x64.Build.0 = Release|Any CPU
		{8B2C91AE-8D62-47B5-898B-914D4AD158AF}.Ad-Hoc|x86.ActiveCfg = Release|Any CPU
		{8B2C91AE-8D62-47B5-898B-914D4AD158AF}.Ad-Hoc|x86.Build.0 = Release|Any CPU
		{8B2C91AE-8D62-47B5-898B-914D4AD158AF}.AppStore|Any CPU.ActiveCfg = Release|Any CPU
		{8B2C91AE-8D62-47B5-898B-914D4AD158AF}.AppStore|Any CPU.Build.0 = Release|Any CPU
		{8B2C91AE-8D62-47B5-898B-914D4AD158AF}.AppStore|ARM.ActiveCfg = Release|Any CPU
		{8B2C91AE-8D62-47B5-898B-914D4AD158AF}.AppStore|ARM.Build.0 = Release|Any CPU
		{8B2C91AE-8D62-47B5-898B-914D4AD158AF}.AppStore|iPhone.ActiveCfg = Release|Any CPU
		{8B2C91AE-8D62-47B5-898B-914D4AD158AF}.AppStore|iPhone.Build.0 = Release|Any CPU
		{8B2C91AE-8D62-47B5-898B-914D4AD158AF}.AppStore|iPhoneSimulator.ActiveCfg = Release|Any CPU
		{8B2C91AE-8D62-47B5-898B-914D4AD158AF}.AppStore|iPhoneSimulator.Build.0 = Release|Any CPU
		{8B2C91AE-8D62-47B5-898B-914D4AD158AF}.AppStore|x64.ActiveCfg = Release|Any CPU
		{8B2C91AE-8D62-47B5-898B-914D4AD158AF}.AppStore|x64.Build.0 = Release|Any CPU
		{8B2C91AE-8D62-47B5-898B-914D4AD158AF}.AppStore|x86.ActiveCfg = Release|Any CPU
		{8B2C91AE-8D62-47B5-898B-914D4AD158AF}.AppStore|x86.Build.0 = Release|Any CPU
		{8B2C91AE-8D62-47B5-898B-914D4AD158AF}.Debug|Any CPU.ActiveCfg = Debug|Any CPU
		{8B2C91AE-8D62-47B5-898B-914D4AD158AF}.Debug|Any CPU.Build.0 = Debug|Any CPU
		{8B2C91AE-8D62-47B5-898B-914D4AD158AF}.Debug|ARM.ActiveCfg = Debug|Any CPU
		{8B2C91AE-8D62-47B5-898B-914D4AD158AF}.Debug|ARM.Build.0 = Debug|Any CPU
		{8B2C91AE-8D62-47B5-898B-914D4AD158AF}.Debug|iPhone.ActiveCfg = Debug|Any CPU
		{8B2C91AE-8D62-47B5-898B-914D4AD158AF}.Debug|iPhone.Build.0 = Debug|Any CPU
		{8B2C91AE-8D62-47B5-898B-914D4AD158AF}.Debug|iPhoneSimulator.ActiveCfg = Debug|Any CPU
		{8B2C91AE-8D62-47B5-898B-914D4AD158AF}.Debug|iPhoneSimulator.Build.0 = Debug|Any CPU
		{8B2C91AE-8D62-47B5-898B-914D4AD158AF}.Debug|x64.ActiveCfg = Debug|Any CPU
		{8B2C91AE-8D62-47B5-898B-914D4AD158AF}.Debug|x64.Build.0 = Debug|Any CPU
		{8B2C91AE-8D62-47B5-898B-914D4AD158AF}.Debug|x86.ActiveCfg = Debug|Any CPU
		{8B2C91AE-8D62-47B5-898B-914D4AD158AF}.Debug|x86.Build.0 = Debug|Any CPU
		{8B2C91AE-8D62-47B5-898B-914D4AD158AF}.Release|Any CPU.ActiveCfg = Release|Any CPU
		{8B2C91AE-8D62-47B5-898B-914D4AD158AF}.Release|Any CPU.Build.0 = Release|Any CPU
		{8B2C91AE-8D62-47B5-898B-914D4AD158AF}.Release|ARM.ActiveCfg = Release|Any CPU
		{8B2C91AE-8D62-47B5-898B-914D4AD158AF}.Release|ARM.Build.0 = Release|Any CPU
		{8B2C91AE-8D62-47B5-898B-914D4AD158AF}.Release|iPhone.ActiveCfg = Release|Any CPU
		{8B2C91AE-8D62-47B5-898B-914D4AD158AF}.Release|iPhone.Build.0 = Release|Any CPU
		{8B2C91AE-8D62-47B5-898B-914D4AD158AF}.Release|iPhoneSimulator.ActiveCfg = Release|Any CPU
		{8B2C91AE-8D62-47B5-898B-914D4AD158AF}.Release|iPhoneSimulator.Build.0 = Release|Any CPU
		{8B2C91AE-8D62-47B5-898B-914D4AD158AF}.Release|x64.ActiveCfg = Release|Any CPU
		{8B2C91AE-8D62-47B5-898B-914D4AD158AF}.Release|x64.Build.0 = Release|Any CPU
		{8B2C91AE-8D62-47B5-898B-914D4AD158AF}.Release|x86.ActiveCfg = Release|Any CPU
		{8B2C91AE-8D62-47B5-898B-914D4AD158AF}.Release|x86.Build.0 = Release|Any CPU
	EndGlobalSection
	GlobalSection(SolutionProperties) = preSolution
		HideSolutionNode = FALSE
	EndGlobalSection
EndGlobal
